
Microsoft Visual Studio Solution File, Format Version 12.00
# Visual Studio Version 17
VisualStudioVersion = 17.0.31903.59
MinimumVisualStudioVersion = 10.0.40219.1
Project("{2150E333-8FDC-42A3-9474-1A3956D46DE8}") = "WebApps", "WebApps", "{F03C9129-1F9B-4929-B881-75C2D19A62B7}"
EndProject
Project("{2150E333-8FDC-42A3-9474-1A3956D46DE8}") = "Services", "Services", "{C8A61A4D-7052-4C66-A78F-99BAB0391C9C}"
EndProject
Project("{2150E333-8FDC-42A3-9474-1A3956D46DE8}") = "Registrations", "Registrations", "{179C957F-1945-499C-8FFC-1634AC58F53C}"
EndProject
Project("{2150E333-8FDC-42A3-9474-1A3956D46DE8}") = "Catalog", "Catalog", "{C7763DF5-3657-4855-BFBC-F8F9D57A7DE2}"
EndProject
Project("{2150E333-8FDC-42A3-9474-1A3956D46DE8}") = "Core", "Core", "{192BE07A-5259-4726-99C3-BD6745BC5A04}"
EndProject
Project("{2150E333-8FDC-42A3-9474-1A3956D46DE8}") = "Tributary", "Tributary", "{5863429F-AC33-4464-8396-F47B3FCD7365}"
EndProject
Project("{2150E333-8FDC-42A3-9474-1A3956D46DE8}") = "Payments", "Payments", "{F5E1E9E3-70DB-431C-9F84-C624E84F29D1}"
EndProject
Project("{2150E333-8FDC-42A3-9474-1A3956D46DE8}") = "Sales", "Sales", "{54A93A80-C4B4-4FC4-91F1-5ECECDB5C3DB}"
EndProject
Project("{9A19103F-16F7-4668-BE54-9A1E7A4F7556}") = "Store.Catalog.Domain", "src\Store.Catalog.Domain\Store.Catalog.Domain.csproj", "{841A2FED-8010-44CB-8EB9-8A1410B1E080}"
EndProject
Project("{9A19103F-16F7-4668-BE54-9A1E7A4F7556}") = "Store.Core", "src\Store.Core\Store.Core.csproj", "{FB504263-E409-48E2-B75D-29BF96E5ECA0}"
EndProject
Project("{2150E333-8FDC-42A3-9474-1A3956D46DE8}") = "Tests", "Tests", "{136D2B63-3CBB-465A-A5AF-0FD22CB6038E}"
EndProject
Project("{9A19103F-16F7-4668-BE54-9A1E7A4F7556}") = "Store.Catalog.Domain.Tests", "tests\Store.Catalog.Domain.Tests\Store.Catalog.Domain.Tests.csproj", "{01A853A1-52DC-436C-80FB-0AEB0711D7D2}"
EndProject
Project("{9A19103F-16F7-4668-BE54-9A1E7A4F7556}") = "Store.Catalog.Domain.Data", "src\Store.Catalog.Domain.Data\Store.Catalog.Domain.Data.csproj", "{7B978B84-359F-45F0-ACC1-893201C1DD04}"
EndProject
Project("{9A19103F-16F7-4668-BE54-9A1E7A4F7556}") = "Store.Catalog.Application", "src\Store.Catalog.Application\Store.Catalog.Application.csproj", "{5B0DC893-5242-44F8-B611-9DF88A2DB4E3}"
EndProject
Project("{FAE04EC0-301F-11D3-BF4B-00C04F79EFBC}") = "Store.WebApp.MVC", "Store.WebApp.MVC\Store.WebApp.MVC.csproj", "{0C25E95C-83A3-4C0C-A53F-C4EE946D3510}"
EndProject
Global
	GlobalSection(SolutionConfigurationPlatforms) = preSolution
		Debug|Any CPU = Debug|Any CPU
		Release|Any CPU = Release|Any CPU
	EndGlobalSection
	GlobalSection(ProjectConfigurationPlatforms) = postSolution
		{841A2FED-8010-44CB-8EB9-8A1410B1E080}.Debug|Any CPU.ActiveCfg = Debug|Any CPU
		{841A2FED-8010-44CB-8EB9-8A1410B1E080}.Debug|Any CPU.Build.0 = Debug|Any CPU
		{841A2FED-8010-44CB-8EB9-8A1410B1E080}.Release|Any CPU.ActiveCfg = Release|Any CPU
		{841A2FED-8010-44CB-8EB9-8A1410B1E080}.Release|Any CPU.Build.0 = Release|Any CPU
		{FB504263-E409-48E2-B75D-29BF96E5ECA0}.Debug|Any CPU.ActiveCfg = Debug|Any CPU
		{FB504263-E409-48E2-B75D-29BF96E5ECA0}.Debug|Any CPU.Build.0 = Debug|Any CPU
		{FB504263-E409-48E2-B75D-29BF96E5ECA0}.Release|Any CPU.ActiveCfg = Release|Any CPU
		{FB504263-E409-48E2-B75D-29BF96E5ECA0}.Release|Any CPU.Build.0 = Release|Any CPU
		{01A853A1-52DC-436C-80FB-0AEB0711D7D2}.Debug|Any CPU.ActiveCfg = Debug|Any CPU
		{01A853A1-52DC-436C-80FB-0AEB0711D7D2}.Debug|Any CPU.Build.0 = Debug|Any CPU
		{01A853A1-52DC-436C-80FB-0AEB0711D7D2}.Release|Any CPU.ActiveCfg = Release|Any CPU
		{01A853A1-52DC-436C-80FB-0AEB0711D7D2}.Release|Any CPU.Build.0 = Release|Any CPU
		{7B978B84-359F-45F0-ACC1-893201C1DD04}.Debug|Any CPU.ActiveCfg = Debug|Any CPU
		{7B978B84-359F-45F0-ACC1-893201C1DD04}.Debug|Any CPU.Build.0 = Debug|Any CPU
		{7B978B84-359F-45F0-ACC1-893201C1DD04}.Release|Any CPU.ActiveCfg = Release|Any CPU
		{7B978B84-359F-45F0-ACC1-893201C1DD04}.Release|Any CPU.Build.0 = Release|Any CPU
		{5B0DC893-5242-44F8-B611-9DF88A2DB4E3}.Debug|Any CPU.ActiveCfg = Debug|Any CPU
		{5B0DC893-5242-44F8-B611-9DF88A2DB4E3}.Debug|Any CPU.Build.0 = Debug|Any CPU
		{5B0DC893-5242-44F8-B611-9DF88A2DB4E3}.Release|Any CPU.ActiveCfg = Release|Any CPU
		{5B0DC893-5242-44F8-B611-9DF88A2DB4E3}.Release|Any CPU.Build.0 = Release|Any CPU
		{0C25E95C-83A3-4C0C-A53F-C4EE946D3510}.Debug|Any CPU.ActiveCfg = Debug|Any CPU
		{0C25E95C-83A3-4C0C-A53F-C4EE946D3510}.Debug|Any CPU.Build.0 = Debug|Any CPU
		{0C25E95C-83A3-4C0C-A53F-C4EE946D3510}.Release|Any CPU.ActiveCfg = Release|Any CPU
		{0C25E95C-83A3-4C0C-A53F-C4EE946D3510}.Release|Any CPU.Build.0 = Release|Any CPU
	EndGlobalSection
	GlobalSection(SolutionProperties) = preSolution
		HideSolutionNode = FALSE
	EndGlobalSection
	GlobalSection(NestedProjects) = preSolution
		{179C957F-1945-499C-8FFC-1634AC58F53C} = {C8A61A4D-7052-4C66-A78F-99BAB0391C9C}
		{C7763DF5-3657-4855-BFBC-F8F9D57A7DE2} = {C8A61A4D-7052-4C66-A78F-99BAB0391C9C}
		{192BE07A-5259-4726-99C3-BD6745BC5A04} = {C8A61A4D-7052-4C66-A78F-99BAB0391C9C}
		{5863429F-AC33-4464-8396-F47B3FCD7365} = {C8A61A4D-7052-4C66-A78F-99BAB0391C9C}
		{F5E1E9E3-70DB-431C-9F84-C624E84F29D1} = {C8A61A4D-7052-4C66-A78F-99BAB0391C9C}
		{54A93A80-C4B4-4FC4-91F1-5ECECDB5C3DB} = {C8A61A4D-7052-4C66-A78F-99BAB0391C9C}
		{841A2FED-8010-44CB-8EB9-8A1410B1E080} = {C7763DF5-3657-4855-BFBC-F8F9D57A7DE2}
		{FB504263-E409-48E2-B75D-29BF96E5ECA0} = {192BE07A-5259-4726-99C3-BD6745BC5A04}
		{136D2B63-3CBB-465A-A5AF-0FD22CB6038E} = {C7763DF5-3657-4855-BFBC-F8F9D57A7DE2}
		{01A853A1-52DC-436C-80FB-0AEB0711D7D2} = {136D2B63-3CBB-465A-A5AF-0FD22CB6038E}
		{7B978B84-359F-45F0-ACC1-893201C1DD04} = {C7763DF5-3657-4855-BFBC-F8F9D57A7DE2}
		{5B0DC893-5242-44F8-B611-9DF88A2DB4E3} = {C7763DF5-3657-4855-BFBC-F8F9D57A7DE2}
		{0C25E95C-83A3-4C0C-A53F-C4EE946D3510} = {F03C9129-1F9B-4929-B881-75C2D19A62B7}
	EndGlobalSection
	GlobalSection(ExtensibilityGlobals) = postSolution
		SolutionGuid = {D0A482EE-7862-4FE6-9FCA-D8BB7EB6A54A}
	EndGlobalSection
EndGlobal
