
Microsoft Visual Studio Solution File, Format Version 12.00
# Visual Studio Version 17
VisualStudioVersion = 17.0.31903.59
MinimumVisualStudioVersion = 10.0.40219.1
Project("{2150E333-8FDC-42A3-9474-1A3956D46DE8}") = "Services", "Services", "{EA7B14F5-86D4-4E71-AD31-B30C0223FAD1}"
EndProject
Project("{2150E333-8FDC-42A3-9474-1A3956D46DE8}") = "WebApps", "WebApps", "{7D03D570-1BBD-44B8-9794-F3367A53526F}"
EndProject
Project("{2150E333-8FDC-42A3-9474-1A3956D46DE8}") = "Registrations", "Registrations", "{4EA74DB1-691F-43C8-BF17-EB11969CA890}"
EndProject
Project("{2150E333-8FDC-42A3-9474-1A3956D46DE8}") = "Catalog", "Catalog", "{71E394C8-DA02-4AF9-A0D6-798CD91EE443}"
EndProject
Project("{2150E333-8FDC-42A3-9474-1A3956D46DE8}") = "Core", "Core", "{8622EFEF-C79F-447C-8E51-54C051041740}"
EndProject
Project("{2150E333-8FDC-42A3-9474-1A3956D46DE8}") = "Accounting", "Accounting", "{E31D2C60-DA26-490F-801D-CD023121ACC1}"
EndProject
Project("{2150E333-8FDC-42A3-9474-1A3956D46DE8}") = "Payments", "Payments", "{19DE35A1-D071-4713-A92F-D93D55509E76}"
EndProject
Project("{2150E333-8FDC-42A3-9474-1A3956D46DE8}") = "Sales", "Sales", "{B7E5AE43-ED79-43BC-BD09-AF03F19B77C4}"
EndProject
Project("{FAE04EC0-301F-11D3-BF4B-00C04F79EFBC}") = "Store.Catalog.Domain", "src\Store.Catalog.Domain\Store.Catalog.Domain.csproj", "{441B898D-A758-426E-B760-70EBD3297654}"
EndProject
Project("{FAE04EC0-301F-11D3-BF4B-00C04F79EFBC}") = "Store.Core", "src\Store.Core\Store.Core.csproj", "{27091B0B-0D7B-4FBB-B112-C4281EE6068E}"
EndProject
Global
	GlobalSection(SolutionConfigurationPlatforms) = preSolution
		Debug|Any CPU = Debug|Any CPU
		Release|Any CPU = Release|Any CPU
	EndGlobalSection
	GlobalSection(ProjectConfigurationPlatforms) = postSolution
		{441B898D-A758-426E-B760-70EBD3297654}.Debug|Any CPU.ActiveCfg = Debug|Any CPU
		{441B898D-A758-426E-B760-70EBD3297654}.Debug|Any CPU.Build.0 = Debug|Any CPU
		{441B898D-A758-426E-B760-70EBD3297654}.Release|Any CPU.ActiveCfg = Release|Any CPU
		{441B898D-A758-426E-B760-70EBD3297654}.Release|Any CPU.Build.0 = Release|Any CPU
		{27091B0B-0D7B-4FBB-B112-C4281EE6068E}.Debug|Any CPU.ActiveCfg = Debug|Any CPU
		{27091B0B-0D7B-4FBB-B112-C4281EE6068E}.Debug|Any CPU.Build.0 = Debug|Any CPU
		{27091B0B-0D7B-4FBB-B112-C4281EE6068E}.Release|Any CPU.ActiveCfg = Release|Any CPU
		{27091B0B-0D7B-4FBB-B112-C4281EE6068E}.Release|Any CPU.Build.0 = Release|Any CPU
	EndGlobalSection
	GlobalSection(SolutionProperties) = preSolution
		HideSolutionNode = FALSE
	EndGlobalSection
	GlobalSection(NestedProjects) = preSolution
		{4EA74DB1-691F-43C8-BF17-EB11969CA890} = {EA7B14F5-86D4-4E71-AD31-B30C0223FAD1}
		{71E394C8-DA02-4AF9-A0D6-798CD91EE443} = {EA7B14F5-86D4-4E71-AD31-B30C0223FAD1}
		{8622EFEF-C79F-447C-8E51-54C051041740} = {EA7B14F5-86D4-4E71-AD31-B30C0223FAD1}
		{E31D2C60-DA26-490F-801D-CD023121ACC1} = {EA7B14F5-86D4-4E71-AD31-B30C0223FAD1}
		{19DE35A1-D071-4713-A92F-D93D55509E76} = {EA7B14F5-86D4-4E71-AD31-B30C0223FAD1}
		{B7E5AE43-ED79-43BC-BD09-AF03F19B77C4} = {EA7B14F5-86D4-4E71-AD31-B30C0223FAD1}
		{441B898D-A758-426E-B760-70EBD3297654} = {71E394C8-DA02-4AF9-A0D6-798CD91EE443}
		{27091B0B-0D7B-4FBB-B112-C4281EE6068E} = {8622EFEF-C79F-447C-8E51-54C051041740}
	EndGlobalSection
	GlobalSection(ExtensibilityGlobals) = postSolution
		SolutionGuid = {9E402CE7-EDB3-4867-8930-160C797B46EE}
	EndGlobalSection
EndGlobal
